
Microsoft Visual Studio Solution File, Format Version 12.00
# Visual Studio Version 17
VisualStudioVersion = 17.14.36301.6 d17.14
MinimumVisualStudioVersion = 10.0.40219.1
Project("{FAE04EC0-301F-11D3-BF4B-00C04F79EFBC}") = "aws-secret-manager-demo", "secret-mgmt-sample\aws-secret-manager-demo.csproj", "{C499E798-832F-4D50-9058-B0F8E48D2E17}"
EndProject
Project("{FAE04EC0-301F-11D3-BF4B-00C04F79EFBC}") = "azure-key-vault-demo", "azure-key-vault-demo\azure-key-vault-demo.csproj", "{C0B699C8-6625-4A66-B298-2A287B558766}"
EndProject
Global
	GlobalSection(SolutionConfigurationPlatforms) = preSolution
		Debug|Any CPU = Debug|Any CPU
		Release|Any CPU = Release|Any CPU
	EndGlobalSection
	GlobalSection(ProjectConfigurationPlatforms) = postSolution
		{C499E798-832F-4D50-9058-B0F8E48D2E17}.Debug|Any CPU.ActiveCfg = Debug|Any CPU
		{C499E798-832F-4D50-9058-B0F8E48D2E17}.Debug|Any CPU.Build.0 = Debug|Any CPU
		{C499E798-832F-4D50-9058-B0F8E48D2E17}.Release|Any CPU.ActiveCfg = Release|Any CPU
		{C499E798-832F-4D50-9058-B0F8E48D2E17}.Release|Any CPU.Build.0 = Release|Any CPU
		{C0B699C8-6625-4A66-B298-2A287B558766}.Debug|Any CPU.ActiveCfg = Debug|Any CPU
		{C0B699C8-6625-4A66-B298-2A287B558766}.Debug|Any CPU.Build.0 = Debug|Any CPU
		{C0B699C8-6625-4A66-B298-2A287B558766}.Release|Any CPU.ActiveCfg = Release|Any CPU
		{C0B699C8-6625-4A66-B298-2A287B558766}.Release|Any CPU.Build.0 = Release|Any CPU
	EndGlobalSection
	GlobalSection(SolutionProperties) = preSolution
		HideSolutionNode = FALSE
	EndGlobalSection
	GlobalSection(ExtensibilityGlobals) = postSolution
		SolutionGuid = {D4BACDBA-F8B7-4528-8FFF-0076666F9C7A}
	EndGlobalSection
EndGlobal
