
Microsoft Visual Studio Solution File, Format Version 12.00
# Visual Studio Version 17
VisualStudioVersion = 17.14.36301.6 d17.14
MinimumVisualStudioVersion = 10.0.40219.1
Project("{FAE04EC0-301F-11D3-BF4B-00C04F79EFBC}") = "mongo-db-demo", "mongo-db-demo\mongo-db-demo.csproj", "{BA4A9884-A713-4E97-8B8A-B1328B3EC4B7}"
EndProject
Project("{FAE04EC0-301F-11D3-BF4B-00C04F79EFBC}") = "azure-cosmos-db-demo", "azure-cosmos-db-demo\azure-cosmos-db-demo.csproj", "{4E422C60-4327-4A4B-B138-BC44DDDA07BF}"
EndProject
Global
	GlobalSection(SolutionConfigurationPlatforms) = preSolution
		Debug|Any CPU = Debug|Any CPU
		Release|Any CPU = Release|Any CPU
	EndGlobalSection
	GlobalSection(ProjectConfigurationPlatforms) = postSolution
		{BA4A9884-A713-4E97-8B8A-B1328B3EC4B7}.Debug|Any CPU.ActiveCfg = Debug|Any CPU
		{BA4A9884-A713-4E97-8B8A-B1328B3EC4B7}.Debug|Any CPU.Build.0 = Debug|Any CPU
		{BA4A9884-A713-4E97-8B8A-B1328B3EC4B7}.Release|Any CPU.ActiveCfg = Release|Any CPU
		{BA4A9884-A713-4E97-8B8A-B1328B3EC4B7}.Release|Any CPU.Build.0 = Release|Any CPU
		{4E422C60-4327-4A4B-B138-BC44DDDA07BF}.Debug|Any CPU.ActiveCfg = Debug|Any CPU
		{4E422C60-4327-4A4B-B138-BC44DDDA07BF}.Debug|Any CPU.Build.0 = Debug|Any CPU
		{4E422C60-4327-4A4B-B138-BC44DDDA07BF}.Release|Any CPU.ActiveCfg = Release|Any CPU
		{4E422C60-4327-4A4B-B138-BC44DDDA07BF}.Release|Any CPU.Build.0 = Release|Any CPU
	EndGlobalSection
	GlobalSection(SolutionProperties) = preSolution
		HideSolutionNode = FALSE
	EndGlobalSection
	GlobalSection(ExtensibilityGlobals) = postSolution
		SolutionGuid = {0155AEF9-9413-4621-A71B-40CEE0B15D01}
	EndGlobalSection
EndGlobal
